{
  "nodes": {
    "chacha20-trunk": {
      "inputs": {
        "flakeNimbleLib": [
          "flakeNimbleLib"
        ],
        "nixpkgs": [
          "nixpkgs"
        ],
        "src-chacha20-trunk": "src-chacha20-trunk"
      },
      "locked": {
        "dir": "trunk",
        "lastModified": 1662254390,
        "narHash": "sha256-m+iOA4Rj+NHmDM3bl/72KA/KFsz02hoT/CvgSl7GsaQ=",
        "owner": "nim-nix-pkgs",
        "repo": "chacha20",
        "rev": "f2a3543164c6d50b15e9eadeed7eeaa378871618",
        "type": "github"
      },
      "original": {
        "dir": "trunk",
        "owner": "nim-nix-pkgs",
        "ref": "master",
        "repo": "chacha20",
        "type": "github"
      }
    },
    "flakeNimbleLib": {
      "inputs": {
        "nixpkgs": [
          "nixpkgs"
        ]
      },
      "locked": {
        "lastModified": 1662018438,
        "narHash": "sha256-QtNtU6+LX3Wokxf0zlFwKTFOcn6TeDjKQZ+DA9OYtvM=",
        "owner": "riinr",
        "repo": "nim-flakes-lib",
        "rev": "b1fe8340736e3a85d25c709ac3dfd82a55c03cbf",
        "type": "github"
      },
      "original": {
        "owner": "riinr",
        "ref": "master",
        "repo": "nim-flakes-lib",
        "type": "github"
      }
    },
    "nixpkgs": {
      "locked": {
        "lastModified": 1667110639,
        "narHash": "sha256-4FbPESZ5LbqQxkJJJBAfk/zKgF9h/4kyUwjjpJwYlbc=",
        "owner": "NixOS",
        "repo": "nixpkgs",
        "rev": "f38a1f04d1bec1feb61fd101a0539ae2002a7087",
        "type": "github"
      },
      "original": {
        "id": "nixpkgs",
        "type": "indirect"
      }
    },
    "root": {
      "inputs": {
        "chacha20-trunk": "chacha20-trunk",
        "flakeNimbleLib": "flakeNimbleLib",
        "nixpkgs": "nixpkgs"
      }
    },
    "src-chacha20-trunk": {
      "flake": false,
      "locked": {
        "lastModified": 1634242959,
        "narHash": "sha256-F7JtyT7cA97vjl1/glx0zOWPHxMwWqqTjlW+yIY5SYA=",
        "owner": "~ehmry",
        "repo": "chacha20",
        "rev": "daab0e469df94c1d62ebad07989b9562f7d5bf80",
        "type": "sourcehut"
      },
      "original": {
        "owner": "~ehmry",
        "ref": "trunk",
        "repo": "chacha20",
        "type": "sourcehut"
      }
    }
  },
  "root": "root",
  "version": 7
}
